
Microsoft Visual Studio Solution File, Format Version 12.00
# Visual Studio 15
VisualStudioVersion = 15.0.26430.13
MinimumVisualStudioVersion = 10.0.40219.1
Project("{2150E333-8FDC-42A3-9474-1A3956D46DE8}") = "Infrastructure", "Infrastructure", "{40A6DDBF-33A3-4AB2-9A0A-FDB23615E2BE}"
EndProject
Project("{FAE04EC0-301F-11D3-BF4B-00C04F79EFBC}") = "React-MusicStor.Core", "Infrastructure\React-MusicStor.Core\React-MusicStor.Core.csproj", "{65813065-2E90-4051-92BB-0FEBC6725273}"
EndProject
Project("{FAE04EC0-301F-11D3-BF4B-00C04F79EFBC}") = "React-MusicStor.Data", "Infrastructure\React-MusicStor.Data\React-MusicStor.Data.csproj", "{25647F57-72AF-4DDF-ACE8-EEAD49DCD1E0}"
EndProject
Project("{FAE04EC0-301F-11D3-BF4B-00C04F79EFBC}") = "React-MusicStor.Services", "Infrastructure\React-MusicStor.Services\React-MusicStor.Services.csproj", "{02A53B21-F221-4BF0-8199-6D10BBDD1561}"
EndProject
Project("{2150E333-8FDC-42A3-9474-1A3956D46DE8}") = "Presentation", "Presentation", "{00681AB7-81EF-40F9-AD68-6FB18DCAFF95}"
EndProject
Project("{FAE04EC0-301F-11D3-BF4B-00C04F79EFBC}") = "React-MusicStor.WebApi", "Presentation\React-MusicStor.WebApi\React-MusicStor.WebApi.csproj", "{0E30BF55-3498-436E-91B3-325475C399B6}"
EndProject
Project("{FAE04EC0-301F-11D3-BF4B-00C04F79EFBC}") = "React-MusicStor.WebApi.Framework", "Presentation\React-MusicStor.WebApi.Framework\React-MusicStor.WebApi.Framework.csproj", "{B2CA501C-D7EF-4EF3-BA7F-93659F6AC491}"
EndProject
Global
	GlobalSection(SolutionConfigurationPlatforms) = preSolution
		Debug|Any CPU = Debug|Any CPU
		Release|Any CPU = Release|Any CPU
	EndGlobalSection
	GlobalSection(ProjectConfigurationPlatforms) = postSolution
		{65813065-2E90-4051-92BB-0FEBC6725273}.Debug|Any CPU.ActiveCfg = Debug|Any CPU
		{65813065-2E90-4051-92BB-0FEBC6725273}.Debug|Any CPU.Build.0 = Debug|Any CPU
		{65813065-2E90-4051-92BB-0FEBC6725273}.Release|Any CPU.ActiveCfg = Release|Any CPU
		{65813065-2E90-4051-92BB-0FEBC6725273}.Release|Any CPU.Build.0 = Release|Any CPU
		{25647F57-72AF-4DDF-ACE8-EEAD49DCD1E0}.Debug|Any CPU.ActiveCfg = Debug|Any CPU
		{25647F57-72AF-4DDF-ACE8-EEAD49DCD1E0}.Debug|Any CPU.Build.0 = Debug|Any CPU
		{25647F57-72AF-4DDF-ACE8-EEAD49DCD1E0}.Release|Any CPU.ActiveCfg = Release|Any CPU
		{25647F57-72AF-4DDF-ACE8-EEAD49DCD1E0}.Release|Any CPU.Build.0 = Release|Any CPU
		{02A53B21-F221-4BF0-8199-6D10BBDD1561}.Debug|Any CPU.ActiveCfg = Debug|Any CPU
		{02A53B21-F221-4BF0-8199-6D10BBDD1561}.Debug|Any CPU.Build.0 = Debug|Any CPU
		{02A53B21-F221-4BF0-8199-6D10BBDD1561}.Release|Any CPU.ActiveCfg = Release|Any CPU
		{02A53B21-F221-4BF0-8199-6D10BBDD1561}.Release|Any CPU.Build.0 = Release|Any CPU
		{0E30BF55-3498-436E-91B3-325475C399B6}.Debug|Any CPU.ActiveCfg = Debug|Any CPU
		{0E30BF55-3498-436E-91B3-325475C399B6}.Debug|Any CPU.Build.0 = Debug|Any CPU
		{0E30BF55-3498-436E-91B3-325475C399B6}.Release|Any CPU.ActiveCfg = Release|Any CPU
		{0E30BF55-3498-436E-91B3-325475C399B6}.Release|Any CPU.Build.0 = Release|Any CPU
		{B2CA501C-D7EF-4EF3-BA7F-93659F6AC491}.Debug|Any CPU.ActiveCfg = Debug|Any CPU
		{B2CA501C-D7EF-4EF3-BA7F-93659F6AC491}.Debug|Any CPU.Build.0 = Debug|Any CPU
		{B2CA501C-D7EF-4EF3-BA7F-93659F6AC491}.Release|Any CPU.ActiveCfg = Release|Any CPU
		{B2CA501C-D7EF-4EF3-BA7F-93659F6AC491}.Release|Any CPU.Build.0 = Release|Any CPU
	EndGlobalSection
	GlobalSection(SolutionProperties) = preSolution
		HideSolutionNode = FALSE
	EndGlobalSection
	GlobalSection(NestedProjects) = preSolution
		{65813065-2E90-4051-92BB-0FEBC6725273} = {40A6DDBF-33A3-4AB2-9A0A-FDB23615E2BE}
		{25647F57-72AF-4DDF-ACE8-EEAD49DCD1E0} = {40A6DDBF-33A3-4AB2-9A0A-FDB23615E2BE}
		{02A53B21-F221-4BF0-8199-6D10BBDD1561} = {40A6DDBF-33A3-4AB2-9A0A-FDB23615E2BE}
		{0E30BF55-3498-436E-91B3-325475C399B6} = {00681AB7-81EF-40F9-AD68-6FB18DCAFF95}
		{B2CA501C-D7EF-4EF3-BA7F-93659F6AC491} = {00681AB7-81EF-40F9-AD68-6FB18DCAFF95}
	EndGlobalSection
EndGlobal
