
Microsoft Visual Studio Solution File, Format Version 12.00
# Visual Studio 15
VisualStudioVersion = 15.0.26430.13
MinimumVisualStudioVersion = 10.0.40219.1
Project("{2150E333-8FDC-42A3-9474-1A3956D46DE8}") = "1 - Presentation", "1 - Presentation", "{7BC4068B-61A1-4385-83F6-1AA52FEEE13A}"
EndProject
Project("{2150E333-8FDC-42A3-9474-1A3956D46DE8}") = "2 - Application", "2 - Application", "{F42193CB-2F38-4319-AFD3-31B24839CCCE}"
EndProject
Project("{2150E333-8FDC-42A3-9474-1A3956D46DE8}") = "3 - Domain", "3 - Domain", "{72365E8C-0701-4767-AC78-7189B5C3708E}"
EndProject
Project("{2150E333-8FDC-42A3-9474-1A3956D46DE8}") = "4 - Infrastructure", "4 - Infrastructure", "{67F719E3-1479-4417-A310-9680D73238D4}"
EndProject
Project("{2150E333-8FDC-42A3-9474-1A3956D46DE8}") = "4.1 - Data", "4.1 - Data", "{EAEEFAB3-FD72-4DC9-BD51-E5DE94D0821F}"
EndProject
Project("{2150E333-8FDC-42A3-9474-1A3956D46DE8}") = "4.2 - CrossCutting", "4.2 - CrossCutting", "{ACC0464D-70EA-4726-8E39-5E2E369DCA16}"
EndProject
Project("{FAE04EC0-301F-11D3-BF4B-00C04F79EFBC}") = "React-MusicStore.Services", "Application\React-MusicStore.Services\React-MusicStore.Services.csproj", "{D5278CF0-4D4B-4F51-9443-25D62C8AD3E0}"
EndProject
Project("{FAE04EC0-301F-11D3-BF4B-00C04F79EFBC}") = "React-MusicStore.Core.Domain", "Domain\React-MusicStore.Core.Domain\React-MusicStore.Core.Domain.csproj", "{AE0D8097-1962-493B-95FD-366AD704E004}"
EndProject
Project("{FAE04EC0-301F-11D3-BF4B-00C04F79EFBC}") = "React-MusicStore.Core.Data.Context", "Infrastructure\Data\React-MusicStore.Core.Data.Context\React-MusicStore.Core.Data.Context.csproj", "{795E8C39-11D1-44FB-AC7B-793A5AB937BA}"
EndProject
Project("{FAE04EC0-301F-11D3-BF4B-00C04F79EFBC}") = "React-MusicStore.Core.Data.Repository", "Infrastructure\Data\React-MusicStore.Core.Data.Repository\React-MusicStore.Core.Data.Repository.csproj", "{6E8CFAB8-D636-4872-8E81-4EBC18ACF553}"
EndProject
Project("{FAE04EC0-301F-11D3-BF4B-00C04F79EFBC}") = "React-MusicStore.Core.IoC", "Infrastructure\CrossCutting\React-MusicStore.Core.IoC\React-MusicStore.Core.IoC.csproj", "{12ACE9B0-CF63-44F6-8FD3-D65A9CE07B8B}"
EndProject
Project("{2150E333-8FDC-42A3-9474-1A3956D46DE8}") = "5 - Tests", "5 - Tests", "{EF229FFF-B74A-43DD-8CE1-AFCB660A773B}"
EndProject
Project("{FAE04EC0-301F-11D3-BF4B-00C04F79EFBC}") = "React-MusicStore.WebApi.Test", "Tests\React-MusicStore.WebApi.Test\React-MusicStore.WebApi.Test.csproj", "{A32DC3AF-DB09-445C-9595-7051B9975E58}"
EndProject
Project("{2150E333-8FDC-42A3-9474-1A3956D46DE8}") = "4.3 - Utilities", "4.3 - Utilities", "{B104A5AD-A867-40C9-9A74-7B760ACD9528}"
EndProject
Project("{FAE04EC0-301F-11D3-BF4B-00C04F79EFBC}") = "React-MusicStore.Core.Utilities", "Infrastructure\Utilities\React-MusicStore.Core.Utilities\React-MusicStore.Core.Utilities.csproj", "{5F209A21-B1BF-4EE9-BEEF-4A0D0A0F087F}"
EndProject
Project("{FAE04EC0-301F-11D3-BF4B-00C04F79EFBC}") = "React-MusicStore.WebApi", "Presentation\React-MusicStore.WebApi\React-MusicStore.WebApi.csproj", "{01692E66-F25A-4FFC-ACA1-037A29BB1516}"
EndProject
Project("{FAE04EC0-301F-11D3-BF4B-00C04F79EFBC}") = "React-MusicStore.WebApi.Framework", "Presentation\React-MusicStore.WebApi.Framework\React-MusicStore.WebApi.Framework.csproj", "{7CE399A3-28C4-4C67-AA35-D29E1D63294A}"
EndProject
Global
	GlobalSection(SolutionConfigurationPlatforms) = preSolution
		Debug|Any CPU = Debug|Any CPU
		Release|Any CPU = Release|Any CPU
	EndGlobalSection
	GlobalSection(ProjectConfigurationPlatforms) = postSolution
		{D5278CF0-4D4B-4F51-9443-25D62C8AD3E0}.Debug|Any CPU.ActiveCfg = Debug|Any CPU
		{D5278CF0-4D4B-4F51-9443-25D62C8AD3E0}.Debug|Any CPU.Build.0 = Debug|Any CPU
		{D5278CF0-4D4B-4F51-9443-25D62C8AD3E0}.Release|Any CPU.ActiveCfg = Release|Any CPU
		{D5278CF0-4D4B-4F51-9443-25D62C8AD3E0}.Release|Any CPU.Build.0 = Release|Any CPU
		{AE0D8097-1962-493B-95FD-366AD704E004}.Debug|Any CPU.ActiveCfg = Debug|Any CPU
		{AE0D8097-1962-493B-95FD-366AD704E004}.Debug|Any CPU.Build.0 = Debug|Any CPU
		{AE0D8097-1962-493B-95FD-366AD704E004}.Release|Any CPU.ActiveCfg = Release|Any CPU
		{AE0D8097-1962-493B-95FD-366AD704E004}.Release|Any CPU.Build.0 = Release|Any CPU
		{795E8C39-11D1-44FB-AC7B-793A5AB937BA}.Debug|Any CPU.ActiveCfg = Debug|Any CPU
		{795E8C39-11D1-44FB-AC7B-793A5AB937BA}.Debug|Any CPU.Build.0 = Debug|Any CPU
		{795E8C39-11D1-44FB-AC7B-793A5AB937BA}.Release|Any CPU.ActiveCfg = Release|Any CPU
		{795E8C39-11D1-44FB-AC7B-793A5AB937BA}.Release|Any CPU.Build.0 = Release|Any CPU
		{6E8CFAB8-D636-4872-8E81-4EBC18ACF553}.Debug|Any CPU.ActiveCfg = Debug|Any CPU
		{6E8CFAB8-D636-4872-8E81-4EBC18ACF553}.Debug|Any CPU.Build.0 = Debug|Any CPU
		{6E8CFAB8-D636-4872-8E81-4EBC18ACF553}.Release|Any CPU.ActiveCfg = Release|Any CPU
		{6E8CFAB8-D636-4872-8E81-4EBC18ACF553}.Release|Any CPU.Build.0 = Release|Any CPU
		{12ACE9B0-CF63-44F6-8FD3-D65A9CE07B8B}.Debug|Any CPU.ActiveCfg = Debug|Any CPU
		{12ACE9B0-CF63-44F6-8FD3-D65A9CE07B8B}.Debug|Any CPU.Build.0 = Debug|Any CPU
		{12ACE9B0-CF63-44F6-8FD3-D65A9CE07B8B}.Release|Any CPU.ActiveCfg = Release|Any CPU
		{12ACE9B0-CF63-44F6-8FD3-D65A9CE07B8B}.Release|Any CPU.Build.0 = Release|Any CPU
		{A32DC3AF-DB09-445C-9595-7051B9975E58}.Debug|Any CPU.ActiveCfg = Debug|Any CPU
		{A32DC3AF-DB09-445C-9595-7051B9975E58}.Debug|Any CPU.Build.0 = Debug|Any CPU
		{A32DC3AF-DB09-445C-9595-7051B9975E58}.Release|Any CPU.ActiveCfg = Release|Any CPU
		{A32DC3AF-DB09-445C-9595-7051B9975E58}.Release|Any CPU.Build.0 = Release|Any CPU
		{5F209A21-B1BF-4EE9-BEEF-4A0D0A0F087F}.Debug|Any CPU.ActiveCfg = Debug|Any CPU
		{5F209A21-B1BF-4EE9-BEEF-4A0D0A0F087F}.Debug|Any CPU.Build.0 = Debug|Any CPU
		{5F209A21-B1BF-4EE9-BEEF-4A0D0A0F087F}.Release|Any CPU.ActiveCfg = Release|Any CPU
		{5F209A21-B1BF-4EE9-BEEF-4A0D0A0F087F}.Release|Any CPU.Build.0 = Release|Any CPU
		{01692E66-F25A-4FFC-ACA1-037A29BB1516}.Debug|Any CPU.ActiveCfg = Debug|Any CPU
		{01692E66-F25A-4FFC-ACA1-037A29BB1516}.Debug|Any CPU.Build.0 = Debug|Any CPU
		{01692E66-F25A-4FFC-ACA1-037A29BB1516}.Release|Any CPU.ActiveCfg = Release|Any CPU
		{01692E66-F25A-4FFC-ACA1-037A29BB1516}.Release|Any CPU.Build.0 = Release|Any CPU
		{7CE399A3-28C4-4C67-AA35-D29E1D63294A}.Debug|Any CPU.ActiveCfg = Debug|Any CPU
		{7CE399A3-28C4-4C67-AA35-D29E1D63294A}.Debug|Any CPU.Build.0 = Debug|Any CPU
		{7CE399A3-28C4-4C67-AA35-D29E1D63294A}.Release|Any CPU.ActiveCfg = Release|Any CPU
		{7CE399A3-28C4-4C67-AA35-D29E1D63294A}.Release|Any CPU.Build.0 = Release|Any CPU
	EndGlobalSection
	GlobalSection(SolutionProperties) = preSolution
		HideSolutionNode = FALSE
	EndGlobalSection
	GlobalSection(NestedProjects) = preSolution
		{EAEEFAB3-FD72-4DC9-BD51-E5DE94D0821F} = {67F719E3-1479-4417-A310-9680D73238D4}
		{ACC0464D-70EA-4726-8E39-5E2E369DCA16} = {67F719E3-1479-4417-A310-9680D73238D4}
		{D5278CF0-4D4B-4F51-9443-25D62C8AD3E0} = {F42193CB-2F38-4319-AFD3-31B24839CCCE}
		{AE0D8097-1962-493B-95FD-366AD704E004} = {72365E8C-0701-4767-AC78-7189B5C3708E}
		{795E8C39-11D1-44FB-AC7B-793A5AB937BA} = {EAEEFAB3-FD72-4DC9-BD51-E5DE94D0821F}
		{6E8CFAB8-D636-4872-8E81-4EBC18ACF553} = {EAEEFAB3-FD72-4DC9-BD51-E5DE94D0821F}
		{12ACE9B0-CF63-44F6-8FD3-D65A9CE07B8B} = {ACC0464D-70EA-4726-8E39-5E2E369DCA16}
		{A32DC3AF-DB09-445C-9595-7051B9975E58} = {EF229FFF-B74A-43DD-8CE1-AFCB660A773B}
		{B104A5AD-A867-40C9-9A74-7B760ACD9528} = {67F719E3-1479-4417-A310-9680D73238D4}
		{5F209A21-B1BF-4EE9-BEEF-4A0D0A0F087F} = {B104A5AD-A867-40C9-9A74-7B760ACD9528}
		{01692E66-F25A-4FFC-ACA1-037A29BB1516} = {7BC4068B-61A1-4385-83F6-1AA52FEEE13A}
		{7CE399A3-28C4-4C67-AA35-D29E1D63294A} = {7BC4068B-61A1-4385-83F6-1AA52FEEE13A}
	EndGlobalSection
EndGlobal
